
Microsoft Visual Studio Solution File, Format Version 12.00
# Visual Studio 2012
Project("{FAE04EC0-301F-11D3-BF4B-00C04F79EFBC}") = "fact", "fact\fact.csproj", "{DE82B55B-32B9-461A-9C03-5DCBFE1525FF}"
EndProject
Global
	GlobalSection(SolutionConfigurationPlatforms) = preSolution
		Debug|Any CPU = Debug|Any CPU
		Release|Any CPU = Release|Any CPU
	EndGlobalSection
	GlobalSection(ProjectConfigurationPlatforms) = postSolution
		{DE82B55B-32B9-461A-9C03-5DCBFE1525FF}.Debug|Any CPU.ActiveCfg = Debug|Any CPU
		{DE82B55B-32B9-461A-9C03-5DCBFE1525FF}.Debug|Any CPU.Build.0 = Debug|Any CPU
		{DE82B55B-32B9-461A-9C03-5DCBFE1525FF}.Release|Any CPU.ActiveCfg = Release|Any CPU
		{DE82B55B-32B9-461A-9C03-5DCBFE1525FF}.Release|Any CPU.Build.0 = Release|Any CPU
	EndGlobalSection
	GlobalSection(SolutionProperties) = preSolution
		HideSolutionNode = FALSE
	EndGlobalSection
EndGlobal
